PODS:
  - AFNetworking (4.0.1):
    - AFNetworking/NSURLSession (= 4.0.1)
    - AFNetworking/Reachability (= 4.0.1)
    - AFNetworking/Security (= 4.0.1)
    - AFNetworking/Serialization (= 4.0.1)
    - AFNetworking/UIKit (= 4.0.1)
  - AFNetworking/NSURLSession (4.0.1):
    - AFNetworking/Reachability
    - AFNetworking/Security
    - AFNetworking/Serialization
  - AFNetworking/Reachability (4.0.1)
  - AFNetworking/Security (4.0.1)
  - AFNetworking/Serialization (4.0.1)
  - AFNetworking/UIKit (4.0.1):
    - AFNetworking/NSURLSession
  - CCDBucket/Core (0.0.2):
    - CocoaLumberjack
  - CCDDelegateProxy/Core (0.0.1)
  - CCDDelegateProxy/URLSessionProxy (0.0.1)
  - CocoaLumberjack (3.7.4):
    - CocoaLumberjack/Core (= 3.7.4)
  - CocoaLumberjack/Core (3.7.4)
  - libextobjc (0.6):
    - libextobjc/EXTADT (= 0.6)
    - libextobjc/EXTConcreteProtocol (= 0.6)
    - libextobjc/EXTKeyPathCoding (= 0.6)
    - libextobjc/EXTNil (= 0.6)
    - libextobjc/EXTSafeCategory (= 0.6)
    - libextobjc/EXTScope (= 0.6)
    - libextobjc/EXTSelectorChecking (= 0.6)
    - libextobjc/EXTSynthesize (= 0.6)
    - "libextobjc/NSInvocation+EXT (= 0.6)"
    - "libextobjc/NSMethodSignature+EXT (= 0.6)"
    - libextobjc/RuntimeExtensions (= 0.6)
    - libextobjc/UmbrellaHeader (= 0.6)
  - libextobjc/EXTADT (0.6):
    - libextobjc/RuntimeExtensions
  - libextobjc/EXTConcreteProtocol (0.6):
    - libextobjc/RuntimeExtensions
  - libextobjc/EXTKeyPathCoding (0.6):
    - libextobjc/RuntimeExtensions
  - libextobjc/EXTNil (0.6):
    - libextobjc/RuntimeExtensions
  - libextobjc/EXTSafeCategory (0.6):
    - libextobjc/RuntimeExtensions
  - libextobjc/EXTScope (0.6):
    - libextobjc/RuntimeExtensions
  - libextobjc/EXTSelectorChecking (0.6):
    - libextobjc/RuntimeExtensions
  - libextobjc/EXTSynthesize (0.6):
    - libextobjc/RuntimeExtensions
  - "libextobjc/NSInvocation+EXT (0.6)":
    - libextobjc/RuntimeExtensions
  - "libextobjc/NSMethodSignature+EXT (0.6)":
    - libextobjc/RuntimeExtensions
  - libextobjc/RuntimeExtensions (0.6)
  - libextobjc/UmbrellaHeader (0.6)
  - Masonry (1.1.0)

DEPENDENCIES:
  - AFNetworking (~> 4.0.1)
  - CCDBucket/Core (from `https://github.com/zhu410289616/Bucket.git`)
  - CCDDelegateProxy/Core (from `../CCDDelegateProxy.podspec`)
  - CCDDelegateProxy/URLSessionProxy (from `../CCDDelegateProxy.podspec`)
  - CocoaLumberjack (~> 3.7.4)
  - libextobjc (~> 0.6)
  - Masonry (~> 1.1.0)

SPEC REPOS:
  trunk:
    - AFNetworking
    - CocoaLumberjack
    - libextobjc
    - Masonry

EXTERNAL SOURCES:
  CCDBucket:
    :git: https://github.com/zhu410289616/Bucket.git
  CCDDelegateProxy:
    :path: "../CCDDelegateProxy.podspec"

CHECKOUT OPTIONS:
  CCDBucket:
    :commit: 30f5db3e181edd742011dfaaf4e55aa18c9cb970
    :git: https://github.com/zhu410289616/Bucket.git

SPEC CHECKSUMS:
  AFNetworking: 3bd23d814e976cd148d7d44c3ab78017b744cd58
  CCDBucket: 59258c899b0e0183e2a1769d5389b6242fb7ea3c
  CCDDelegateProxy: b8d807fe2daf3d55b40ed34d72e784b0795a3ea4
  CocoaLumberjack: 543c79c114dadc3b1aba95641d8738b06b05b646
  libextobjc: aed8b7d2b07f511c1a7ecaacb33ea03e327c69b7
  Masonry: 678fab65091a9290e40e2832a55e7ab731aad201

PODFILE CHECKSUM: e379bb04792e8aa3495778c1cd295673889b3759

COCOAPODS: 1.11.3
